{
  "name": "primitive_bulk",
  "version": "2.0.0",
  "lockfileVersion": 3,
  "requires": true,
  "packages": {
    "": {
      "name": "primitive_bulk",
      "version": "2.0.0",
      "license": "ISC",
      "dependencies": {
        "commander": "^13.1.0",
        "imagemin": "^9.0.1",
        "imagemin-svgo": "^11.0.1"
      },
      "bin": {
        "primitive_bulk": "js/bin.js"
      },
      "devDependencies": {
        "@types/node": "^22.14.1",
        "typescript": "^5.8.3"
      },
      "engines": {
        "node": ">=22"
      }
    },
    "node_modules/@nodelib/fs.scandir": {
      "version": "2.1.5",
      "resolved": "https://registry.npmjs.org/@nodelib/fs.scandir/-/fs.scandir-2.1.5.tgz",
      "integrity": "sha512-vq24Bq3ym5HEQm2NKCr3yXDwjc7vTsEThRDnkp2DK9p1uqLR+DHurm/NOTo0KG7HYHU7eppKZj3MyqYuMBf62g==",
      "license": "MIT",
      "dependencies": {
        "@nodelib/fs.stat": "2.0.5",
        "run-parallel": "^1.1.9"
      },
      "engines": {
        "node": ">= 8"
      }
    },
    "node_modules/@nodelib/fs.stat": {
      "version": "2.0.5",
      "resolved": "https://registry.npmjs.org/@nodelib/fs.stat/-/fs.stat-2.0.5.tgz",
      "integrity": "sha512-RkhPPp2zrqDAQA/2jNhnztcPAlv64XdhIp7a7454A5ovI7Bukxgt7MX7udwAu3zg1DcpPU0rz3VV1SeaqvY4+A==",
      "license": "MIT",
      "engines": {
        "node": ">= 8"
      }
    },
    "node_modules/@nodelib/fs.walk": {
      "version": "1.2.8",
      "resolved": "https://registry.npmjs.org/@nodelib/fs.walk/-/fs.walk-1.2.8.tgz",
      "integrity": "sha512-oGB+UxlgWcgQkgwo8GcEGwemoTFt3FIO9ababBmaGwXIoBKZ+GTy0pP185beGg7Llih/NSHSV2XAs1lnznocSg==",
      "license": "MIT",
      "dependencies": {
        "@nodelib/fs.scandir": "2.1.5",
        "fastq": "^1.6.0"
      },
      "engines": {
        "node": ">= 8"
      }
    },
    "node_modules/@sec-ant/readable-stream": {
      "version": "0.4.1",
      "resolved": "https://registry.npmjs.org/@sec-ant/readable-stream/-/readable-stream-0.4.1.tgz",
      "integrity": "sha512-831qok9r2t8AlxLko40y2ebgSDhenenCatLVeW/uBtnHPyhHOvG0C7TvfgecV+wHzIm5KUICgzmVpWS+IMEAeg==",
      "license": "MIT"
    },
    "node_modules/@sindresorhus/is": {
      "version": "6.3.1",
      "resolved": "https://registry.npmjs.org/@sindresorhus/is/-/is-6.3.1.tgz",
      "integrity": "sha512-FX4MfcifwJyFOI2lPoX7PQxCqx8BG1HCho7WdiXwpEQx1Ycij0JxkfYtGK7yqNScrZGSlt6RE6sw8QYoH7eKnQ==",
      "license": "MIT",
      "engines": {
        "node": ">=16"
      },
      "funding": {
        "url": "https://github.com/sindresorhus/is?sponsor=1"
      }
    },
    "node_modules/@sindresorhus/merge-streams": {
      "version": "2.3.0",
      "resolved": "https://registry.npmjs.org/@sindresorhus/merge-streams/-/merge-streams-2.3.0.tgz",
      "integrity": "sha512-LtoMMhxAlorcGhmFYI+LhPgbPZCkgP6ra1YL604EeF6U98pLlQ3iWIGMdWSC+vWmPBWBNgmDBAhnAobLROJmwg==",
      "license": "MIT",
      "engines": {
        "node": ">=18"
      },
      "funding": {
        "url": "https://github.com/sponsors/sindresorhus"
      }
    },
    "node_modules/@tokenizer/token": {
      "version": "0.3.0",
      "resolved": "https://registry.npmjs.org/@tokenizer/token/-/token-0.3.0.tgz",
      "integrity": "sha512-OvjF+z51L3ov0OyAU0duzsYuvO01PH7x4t6DJx+guahgTnBHkhJdG7soQeTSFLWN3efnHyibZ4Z8l2EuWwJN3A==",
      "license": "MIT"
    },
    "node_modules/@trysound/sax": {
      "version": "0.2.0",
      "resolved": "https://registry.npmjs.org/@trysound/sax/-/sax-0.2.0.tgz",
      "integrity": "sha512-L7z9BgrNEcYyUYtF+HaEfiS5ebkh9jXqbszz7pC0hRBPaatV0XjSD3+eHrpqFemQfgwiFF0QPIarnIihIDn7OA==",
      "license": "ISC",
      "engines": {
        "node": ">=10.13.0"
      }
    },
    "node_modules/@types/node": {
      "version": "22.14.1",
      "resolved": "https://registry.npmjs.org/@types/node/-/node-22.14.1.tgz",
      "integrity": "sha512-u0HuPQwe/dHrItgHHpmw3N2fYCR6x4ivMNbPHRkBVP4CvN+kiRrKHWk3i8tXiO/joPwXLMYvF9TTF0eqgHIuOw==",
      "dev": true,
      "license": "MIT",
      "dependencies": {
        "undici-types": "~6.21.0"
      }
    },
    "node_modules/boolbase": {
      "version": "1.0.0",
      "resolved": "https://registry.npmjs.org/boolbase/-/boolbase-1.0.0.tgz",
      "integrity": "sha512-JZOSA7Mo9sNGB8+UjSgzdLtokWAky1zbztM3WRLCbZ70/3cTANmQmOdR7y2g+J0e2WXywy1yS468tY+IruqEww==",
      "license": "ISC"
    },
    "node_modules/braces": {
      "version": "3.0.3",
      "resolved": "https://registry.npmjs.org/braces/-/braces-3.0.3.tgz",
      "integrity": "sha512-yQbXgO/OSZVD2IsiLlro+7Hf6Q18EJrKSEsdoMzKePKXct3gvD8oLcOQdIzGupr5Fj+EDe8gO/lxc1BzfMpxvA==",
      "license": "MIT",
      "dependencies": {
        "fill-range": "^7.1.1"
      },
      "engines": {
        "node": ">=8"
      }
    },
    "node_modules/callsites": {
      "version": "4.2.0",
      "resolved": "https://registry.npmjs.org/callsites/-/callsites-4.2.0.tgz",
      "integrity": "sha512-kfzR4zzQtAE9PC7CzZsjl3aBNbXWuXiSeOCdLcPpBfGW8YuCqQHcRPFDbr/BPVmd3EEPVpuFzLyuT/cUhPr4OQ==",
      "license": "MIT",
      "engines": {
        "node": ">=12.20"
      },
      "funding": {
        "url": "https://github.com/sponsors/sindresorhus"
      }
    },
    "node_modules/change-file-extension": {
      "version": "0.1.1",
      "resolved": "https://registry.npmjs.org/change-file-extension/-/change-file-extension-0.1.1.tgz",
      "integrity": "sha512-lB0j9teu8JtDPDHRfU8pNH33w4wMu5bOaKoT4PxH+AKugBrIfpiJMTTKIm0TErNeJPkeQEgvH31YpccTwOKPRg==",
      "license": "MIT",
      "engines": {
        "node": ">=18"
      },
      "funding": {
        "url": "https://github.com/sponsors/sindresorhus"
      }
    },
    "node_modules/commander": {
      "version": "13.1.0",
      "resolved": "https://registry.npmjs.org/commander/-/commander-13.1.0.tgz",
      "integrity": "sha512-/rFeCpNJQbhSZjGVwO9RFV3xPqbnERS8MmIQzCtD/zl6gpJuV/bMLuN92oG3F7d8oDEHHRrujSXNUr8fpjntKw==",
      "license": "MIT",
      "engines": {
        "node": ">=18"
      }
    },
    "node_modules/convert-hrtime": {
      "version": "5.0.0",
      "resolved": "https://registry.npmjs.org/convert-hrtime/-/convert-hrtime-5.0.0.tgz",
      "integrity": "sha512-lOETlkIeYSJWcbbcvjRKGxVMXJR+8+OQb/mTPbA4ObPMytYIsUbuOE0Jzy60hjARYszq1id0j8KgVhC+WGZVTg==",
      "license": "MIT",
      "engines": {
        "node": ">=12"
      },
      "funding": {
        "url": "https://github.com/sponsors/sindresorhus"
      }
    },
    "node_modules/css-select": {
      "version": "5.1.0",
      "resolved": "https://registry.npmjs.org/css-select/-/css-select-5.1.0.tgz",
      "integrity": "sha512-nwoRF1rvRRnnCqqY7updORDsuqKzqYJ28+oSMaJMMgOauh3fvwHqMS7EZpIPqK8GL+g9mKxF1vP/ZjSeNjEVHg==",
      "license": "BSD-2-Clause",
      "dependencies": {
        "boolbase": "^1.0.0",
        "css-what": "^6.1.0",
        "domhandler": "^5.0.2",
        "domutils": "^3.0.1",
        "nth-check": "^2.0.1"
      },
      "funding": {
        "url": "https://github.com/sponsors/fb55"
      }
    },
    "node_modules/css-tree": {
      "version": "2.3.1",
      "resolved": "https://registry.npmjs.org/css-tree/-/css-tree-2.3.1.tgz",
      "integrity": "sha512-6Fv1DV/TYw//QF5IzQdqsNDjx/wc8TrMBZsqjL9eW01tWb7R7k/mq+/VXfJCl7SoD5emsJop9cOByJZfs8hYIw==",
      "license": "MIT",
      "dependencies": {
        "mdn-data": "2.0.30",
        "source-map-js": "^1.0.1"
      },
      "engines": {
        "node": "^10 || ^12.20.0 || ^14.13.0 || >=15.0.0"
      }
    },
    "node_modules/css-what": {
      "version": "6.1.0",
      "resolved": "https://registry.npmjs.org/css-what/-/css-what-6.1.0.tgz",
      "integrity": "sha512-HTUrgRJ7r4dsZKU6GjmpfRK1O76h97Z8MfS1G0FozR+oF2kG6Vfe8JE6zwrkbxigziPHinCJ+gCPjA9EaBDtRw==",
      "license": "BSD-2-Clause",
      "engines": {
        "node": ">= 6"
      },
      "funding": {
        "url": "https://github.com/sponsors/fb55"
      }
    },
    "node_modules/csso": {
      "version": "5.0.5",
      "resolved": "https://registry.npmjs.org/csso/-/csso-5.0.5.tgz",
      "integrity": "sha512-0LrrStPOdJj+SPCCrGhzryycLjwcgUSHBtxNA8aIDxf0GLsRh1cKYhB00Gd1lDOS4yGH69+SNn13+TWbVHETFQ==",
      "license": "MIT",
      "dependencies": {
        "css-tree": "~2.2.0"
      },
      "engines": {
        "node": "^10 || ^12.20.0 || ^14.13.0 || >=15.0.0",
        "npm": ">=7.0.0"
      }
    },
    "node_modules/csso/node_modules/css-tree": {
      "version": "2.2.1",
      "resolved": "https://registry.npmjs.org/css-tree/-/css-tree-2.2.1.tgz",
      "integrity": "sha512-OA0mILzGc1kCOCSJerOeqDxDQ4HOh+G8NbOJFOTgOCzpw7fCBubk0fEyxp8AgOL/jvLgYA/uV0cMbe43ElF1JA==",
      "license": "MIT",
      "dependencies": {
        "mdn-data": "2.0.28",
        "source-map-js": "^1.0.1"
      },
      "engines": {
        "node": "^10 || ^12.20.0 || ^14.13.0 || >=15.0.0",
        "npm": ">=7.0.0"
      }
    },
    "node_modules/csso/node_modules/mdn-data": {
      "version": "2.0.28",
      "resolved": "https://registry.npmjs.org/mdn-data/-/mdn-data-2.0.28.tgz",
      "integrity": "sha512-aylIc7Z9y4yzHYAJNuESG3hfhC+0Ibp/MAMiaOZgNv4pmEdFyfZhhhny4MNiAfWdBQ1RQ2mfDWmM1x8SvGyp8g==",
      "license": "CC0-1.0"
    },
    "node_modules/dom-serializer": {
      "version": "2.0.0",
      "resolved": "https://registry.npmjs.org/dom-serializer/-/dom-serializer-2.0.0.tgz",
      "integrity": "sha512-wIkAryiqt/nV5EQKqQpo3SToSOV9J0DnbJqwK7Wv/Trc92zIAYZ4FlMu+JPFW1DfGFt81ZTCGgDEabffXeLyJg==",
      "license": "MIT",
      "dependencies": {
        "domelementtype": "^2.3.0",
        "domhandler": "^5.0.2",
        "entities": "^4.2.0"
      },
      "funding": {
        "url": "https://github.com/cheeriojs/dom-serializer?sponsor=1"
      }
    },
    "node_modules/domelementtype": {
      "version": "2.3.0",
      "resolved": "https://registry.npmjs.org/domelementtype/-/domelementtype-2.3.0.tgz",
      "integrity": "sha512-OLETBj6w0OsagBwdXnPdN0cnMfF9opN69co+7ZrbfPGrdpPVNBUj02spi6B1N7wChLQiPn4CSH/zJvXw56gmHw==",
      "funding": [
        {
          "type": "github",
          "url": "https://github.com/sponsors/fb55"
        }
      ],
      "license": "BSD-2-Clause"
    },
    "node_modules/domhandler": {
      "version": "5.0.3",
      "resolved": "https://registry.npmjs.org/domhandler/-/domhandler-5.0.3.tgz",
      "integrity": "sha512-cgwlv/1iFQiFnU96XXgROh8xTeetsnJiDsTc7TYCLFd9+/WNkIqPTxiM/8pSd8VIrhXGTf1Ny1q1hquVqDJB5w==",
      "license": "BSD-2-Clause",
      "dependencies": {
        "domelementtype": "^2.3.0"
      },
      "engines": {
        "node": ">= 4"
      },
      "funding": {
        "url": "https://github.com/fb55/domhandler?sponsor=1"
      }
    },
    "node_modules/domutils": {
      "version": "3.2.2",
      "resolved": "https://registry.npmjs.org/domutils/-/domutils-3.2.2.tgz",
      "integrity": "sha512-6kZKyUajlDuqlHKVX1w7gyslj9MPIXzIFiz/rGu35uC1wMi+kMhQwGhl4lt9unC9Vb9INnY9Z3/ZA3+FhASLaw==",
      "license": "BSD-2-Clause",
      "dependencies": {
        "dom-serializer": "^2.0.0",
        "domelementtype": "^2.3.0",
        "domhandler": "^5.0.3"
      },
      "funding": {
        "url": "https://github.com/fb55/domutils?sponsor=1"
      }
    },
    "node_modules/dot-prop": {
      "version": "8.0.2",
      "resolved": "https://registry.npmjs.org/dot-prop/-/dot-prop-8.0.2.tgz",
      "integrity": "sha512-xaBe6ZT4DHPkg0k4Ytbvn5xoxgpG0jOS1dYxSOwAHPuNLjP3/OzN0gH55SrLqpx8cBfSaVt91lXYkApjb+nYdQ==",
      "license": "MIT",
      "dependencies": {
        "type-fest": "^3.8.0"
      },
      "engines": {
        "node": ">=16"
      },
      "funding": {
        "url": "https://github.com/sponsors/sindresorhus"
      }
    },
    "node_modules/entities": {
      "version": "4.5.0",
      "resolved": "https://registry.npmjs.org/entities/-/entities-4.5.0.tgz",
      "integrity": "sha512-V0hjH4dGPh9Ao5p0MoRY6BVqtwCjhz6vI5LT8AJ55H+4g9/4vbHx1I54fS0XuclLhDHArPQCiMjDxjaL8fPxhw==",
      "license": "BSD-2-Clause",
      "engines": {
        "node": ">=0.12"
      },
      "funding": {
        "url": "https://github.com/fb55/entities?sponsor=1"
      }
    },
    "node_modules/environment": {
      "version": "1.1.0",
      "resolved": "https://registry.npmjs.org/environment/-/environment-1.1.0.tgz",
      "integrity": "sha512-xUtoPkMggbz0MPyPiIWr1Kp4aeWJjDZ6SMvURhimjdZgsRuDplF5/s9hcgGhyXMhs+6vpnuoiZ2kFiu3FMnS8Q==",
      "license": "MIT",
      "engines": {
        "node": ">=18"
      },
      "funding": {
        "url": "https://github.com/sponsors/sindresorhus"
      }
    },
    "node_modules/fast-equals": {
      "version": "5.2.2",
      "resolved": "https://registry.npmjs.org/fast-equals/-/fast-equals-5.2.2.tgz",
      "integrity": "sha512-V7/RktU11J3I36Nwq2JnZEM7tNm17eBJz+u25qdxBZeCKiX6BkVSZQjwWIr+IobgnZy+ag73tTZgZi7tr0LrBw==",
      "license": "MIT",
      "engines": {
        "node": ">=6.0.0"
      }
    },
    "node_modules/fast-glob": {
      "version": "3.3.3",
      "resolved": "https://registry.npmjs.org/fast-glob/-/fast-glob-3.3.3.tgz",
      "integrity": "sha512-7MptL8U0cqcFdzIzwOTHoilX9x5BrNqye7Z/LuC7kCMRio1EMSyqRK3BEAUD7sXRq4iT4AzTVuZdhgQ2TCvYLg==",
      "license": "MIT",
      "dependencies": {
        "@nodelib/fs.stat": "^2.0.2",
        "@nodelib/fs.walk": "^1.2.3",
        "glob-parent": "^5.1.2",
        "merge2": "^1.3.0",
        "micromatch": "^4.0.8"
      },
      "engines": {
        "node": ">=8.6.0"
      }
    },
    "node_modules/fast-xml-parser": {
      "version": "4.5.3",
      "resolved": "https://registry.npmjs.org/fast-xml-parser/-/fast-xml-parser-4.5.3.tgz",
      "integrity": "sha512-RKihhV+SHsIUGXObeVy9AXiBbFwkVk7Syp8XgwN5U3JV416+Gwp/GO9i0JYKmikykgz/UHRrrV4ROuZEo/T0ig==",
      "funding": [
        {
          "type": "github",
          "url": "https://github.com/sponsors/NaturalIntelligence"
        }
      ],
      "license": "MIT",
      "dependencies": {
        "strnum": "^1.1.1"
      },
      "bin": {
        "fxparser": "src/cli/cli.js"
      }
    },
    "node_modules/fastq": {
      "version": "1.19.1",
      "resolved": "https://registry.npmjs.org/fastq/-/fastq-1.19.1.tgz",
      "integrity": "sha512-GwLTyxkCXjXbxqIhTsMI2Nui8huMPtnxg7krajPJAjnEG/iiOS7i+zCtWGZR9G0NBKbXKh6X9m9UIsYX/N6vvQ==",
      "license": "ISC",
      "dependencies": {
        "reusify": "^1.0.4"
      }
    },
    "node_modules/file-type": {
      "version": "19.6.0",
      "resolved": "https://registry.npmjs.org/file-type/-/file-type-19.6.0.tgz",
      "integrity": "sha512-VZR5I7k5wkD0HgFnMsq5hOsSc710MJMu5Nc5QYsbe38NN5iPV/XTObYLc/cpttRTf6lX538+5uO1ZQRhYibiZQ==",
      "license": "MIT",
      "dependencies": {
        "get-stream": "^9.0.1",
        "strtok3": "^9.0.1",
        "token-types": "^6.0.0",
        "uint8array-extras": "^1.3.0"
      },
      "engines": {
        "node": ">=18"
      },
      "funding": {
        "url": "https://github.com/sindresorhus/file-type?sponsor=1"
      }
    },
    "node_modules/fill-range": {
      "version": "7.1.1",
      "resolved": "https://registry.npmjs.org/fill-range/-/fill-range-7.1.1.tgz",
      "integrity": "sha512-YsGpe3WHLK8ZYi4tWDg2Jy3ebRz2rXowDxnld4bkQB00cc/1Zw9AWnC0i9ztDJitivtQvaI9KaLyKrc+hBW0yg==",
      "license": "MIT",
      "dependencies": {
        "to-regex-range": "^5.0.1"
      },
      "engines": {
        "node": ">=8"
      }
    },
    "node_modules/function-timeout": {
      "version": "1.0.2",
      "resolved": "https://registry.npmjs.org/function-timeout/-/function-timeout-1.0.2.tgz",
      "integrity": "sha512-939eZS4gJ3htTHAldmyyuzlrD58P03fHG49v2JfFXbV6OhvZKRC9j2yAtdHw/zrp2zXHuv05zMIy40F0ge7spA==",
      "license": "MIT",
      "engines": {
        "node": ">=18"
      },
      "funding": {
        "url": "https://github.com/sponsors/sindresorhus"
      }
    },
    "node_modules/get-stream": {
      "version": "9.0.1",
      "resolved": "https://registry.npmjs.org/get-stream/-/get-stream-9.0.1.tgz",
      "integrity": "sha512-kVCxPF3vQM/N0B1PmoqVUqgHP+EeVjmZSQn+1oCRPxd2P21P2F19lIgbR3HBosbB1PUhOAoctJnfEn2GbN2eZA==",
      "license": "MIT",
      "dependencies": {
        "@sec-ant/readable-stream": "^0.4.1",
        "is-stream": "^4.0.1"
      },
      "engines": {
        "node": ">=18"
      },
      "funding": {
        "url": "https://github.com/sponsors/sindresorhus"
      }
    },
    "node_modules/glob-parent": {
      "version": "5.1.2",
      "resolved": "https://registry.npmjs.org/glob-parent/-/glob-parent-5.1.2.tgz",
      "integrity": "sha512-AOIgSQCepiJYwP3ARnGx+5VnTu2HBYdzbGP45eLw1vr3zB3vZLeyed1sC9hnbcOc9/SrMyM5RPQrkGz4aS9Zow==",
      "license": "ISC",
      "dependencies": {
        "is-glob": "^4.0.1"
      },
      "engines": {
        "node": ">= 6"
      }
    },
    "node_modules/globby": {
      "version": "14.1.0",
      "resolved": "https://registry.npmjs.org/globby/-/globby-14.1.0.tgz",
      "integrity": "sha512-0Ia46fDOaT7k4og1PDW4YbodWWr3scS2vAr2lTbsplOt2WkKp0vQbkI9wKis/T5LV/dqPjO3bpS/z6GTJB82LA==",
      "license": "MIT",
      "dependencies": {
        "@sindresorhus/merge-streams": "^2.1.0",
        "fast-glob": "^3.3.3",
        "ignore": "^7.0.3",
        "path-type": "^6.0.0",
        "slash": "^5.1.0",
        "unicorn-magic": "^0.3.0"
      },
      "engines": {
        "node": ">=18"
      },
      "funding": {
        "url": "https://github.com/sponsors/sindresorhus"
      }
    },
    "node_modules/identifier-regex": {
      "version": "1.0.0",
      "resolved": "https://registry.npmjs.org/identifier-regex/-/identifier-regex-1.0.0.tgz",
      "integrity": "sha512-Rcy5cjBOM9iTR+Vwy0Llyip9u0cA99T1yiWOhDW/+PDaTQhyski0tMovsipQ/FRNDkudjLWusJ/IMVIlG5WZnQ==",
      "license": "MIT",
      "dependencies": {
        "reserved-identifiers": "^1.0.0"
      },
      "engines": {
        "node": ">=18"
      },
      "funding": {
        "url": "https://github.com/sponsors/sindresorhus"
      }
    },
    "node_modules/ieee754": {
      "version": "1.2.1",
      "resolved": "https://registry.npmjs.org/ieee754/-/ieee754-1.2.1.tgz",
      "integrity": "sha512-dcyqhDvX1C46lXZcVqCpK+FtMRQVdIMN6/Df5js2zouUsqG7I6sFxitIC+7KYK29KdXOLHdu9zL4sFnoVQnqaA==",
      "funding": [
        {
          "type": "github",
          "url": "https://github.com/sponsors/feross"
        },
        {
          "type": "patreon",
          "url": "https://www.patreon.com/feross"
        },
        {
          "type": "consulting",
          "url": "https://feross.org/support"
        }
      ],
      "license": "BSD-3-Clause"
    },
    "node_modules/ignore": {
      "version": "7.0.3",
      "resolved": "https://registry.npmjs.org/ignore/-/ignore-7.0.3.tgz",
      "integrity": "sha512-bAH5jbK/F3T3Jls4I0SO1hmPR0dKU0a7+SY6n1yzRtG54FLO8d6w/nxLFX2Nb7dBu6cCWXPaAME6cYqFUMmuCA==",
      "license": "MIT",
      "engines": {
        "node": ">= 4"
      }
    },
    "node_modules/image-dimensions": {
      "version": "2.3.0",
      "resolved": "https://registry.npmjs.org/image-dimensions/-/image-dimensions-2.3.0.tgz",
      "integrity": "sha512-8Ar3lsO6+/JLfnUeHnR8Jp/IyQR85Jut5t4Swy1yiXNwj/xM9h5V53v5KE/m/ZSMG4qGRopnSy37uPzKyQCv0A==",
      "license": "MIT",
      "bin": {
        "image-dimensions": "cli.js"
      },
      "engines": {
        "node": ">=18"
      },
      "funding": {
        "url": "https://github.com/sponsors/sindresorhus"
      }
    },
    "node_modules/imagemin": {
      "version": "9.0.1",
      "resolved": "https://registry.npmjs.org/imagemin/-/imagemin-9.0.1.tgz",
      "integrity": "sha512-UoHOfynN8QeqRoUGunn6ilMnLpJ+utbmleP2ufcFqaGal8mY/PeOpV43N31uqtb+CBMFqQ7hxgKzIaAAnmcrdA==",
      "license": "MIT",
      "dependencies": {
        "change-file-extension": "^0.1.1",
        "environment": "^1.0.0",
        "file-type": "^19.0.0",
        "globby": "^14.0.1",
        "image-dimensions": "^2.3.0",
        "junk": "^4.0.1",
        "ow": "^2.0.0",
        "p-pipe": "^4.0.0",
        "slash": "^5.1.0",
        "uint8array-extras": "^1.1.0"
      },
      "engines": {
        "node": ">=18"
      },
      "funding": {
        "url": "https://github.com/sponsors/sindresorhus"
      }
    },
    "node_modules/imagemin-svgo": {
      "version": "11.0.1",
      "resolved": "https://registry.npmjs.org/imagemin-svgo/-/imagemin-svgo-11.0.1.tgz",
      "integrity": "sha512-sUZdlXFXZkPt61nzVXbt7EzYjjevPkNuZmAw0VjEm085PRrK5AHSF+1myF0NKtE+ZhY2Vf6W3CEoRqAgksruWQ==",
      "license": "MIT",
      "dependencies": {
        "is-svg": "^5.0.1",
        "svgo": "^3.3.2"
      },
      "engines": {
        "node": ">=18"
      },
      "funding": {
        "url": "https://github.com/sindresorhus/imagemin-svgo?sponsor=1"
      }
    },
    "node_modules/is-extglob": {
      "version": "2.1.1",
      "resolved": "https://registry.npmjs.org/is-extglob/-/is-extglob-2.1.1.tgz",
      "integrity": "sha512-SbKbANkN603Vi4jEZv49LeVJMn4yGwsbzZworEoyEiutsN3nJYdbO36zfhGJ6QEDpOZIFkDtnq5JRxmvl3jsoQ==",
      "license": "MIT",
      "engines": {
        "node": ">=0.10.0"
      }
    },
    "node_modules/is-glob": {
      "version": "4.0.3",
      "resolved": "https://registry.npmjs.org/is-glob/-/is-glob-4.0.3.tgz",
      "integrity": "sha512-xelSayHH36ZgE7ZWhli7pW34hNbNl8Ojv5KVmkJD4hBdD3th8Tfk9vYasLM+mXWOZhFkgZfxhLSnrwRr4elSSg==",
      "license": "MIT",
      "dependencies": {
        "is-extglob": "^2.1.1"
      },
      "engines": {
        "node": ">=0.10.0"
      }
    },
    "node_modules/is-identifier": {
      "version": "1.0.1",
      "resolved": "https://registry.npmjs.org/is-identifier/-/is-identifier-1.0.1.tgz",
      "integrity": "sha512-HQ5v4rEJ7REUV54bCd2l5FaD299SGDEn2UPoVXaTHAyGviLq2menVUD2udi3trQ32uvB6LdAh/0ck2EuizrtpA==",
      "license": "MIT",
      "dependencies": {
        "identifier-regex": "^1.0.0",
        "super-regex": "^1.0.0"
      },
      "engines": {
        "node": ">=18"
      },
      "funding": {
        "url": "https://github.com/sponsors/sindresorhus"
      }
    },
    "node_modules/is-number": {
      "version": "7.0.0",
      "resolved": "https://registry.npmjs.org/is-number/-/is-number-7.0.0.tgz",
      "integrity": "sha512-41Cifkg6e8TylSpdtTpeLVMqvSBEVzTttHvERD741+pnZ8ANv0004MRL43QKPDlK9cGvNp6NZWZUBlbGXYxxng==",
      "license": "MIT",
      "engines": {
        "node": ">=0.12.0"
      }
    },
    "node_modules/is-stream": {
      "version": "4.0.1",
      "resolved": "https://registry.npmjs.org/is-stream/-/is-stream-4.0.1.tgz",
      "integrity": "sha512-Dnz92NInDqYckGEUJv689RbRiTSEHCQ7wOVeALbkOz999YpqT46yMRIGtSNl2iCL1waAZSx40+h59NV/EwzV/A==",
      "license": "MIT",
      "engines": {
        "node": ">=18"
      },
      "funding": {
        "url": "https://github.com/sponsors/sindresorhus"
      }
    },
    "node_modules/is-svg": {
      "version": "5.1.0",
      "resolved": "https://registry.npmjs.org/is-svg/-/is-svg-5.1.0.tgz",
      "integrity": "sha512-uVg5yifaTxHoefNf5Jcx+i9RZe2OBYd/UStp1umx+EERa4xGRa3LLGXjoEph43qUORC0qkafUgrXZ6zzK89yGA==",
      "license": "MIT",
      "dependencies": {
        "fast-xml-parser": "^4.4.1"
      },
      "engines": {
        "node": ">=14.16"
      },
      "funding": {
        "url": "https://github.com/sponsors/sindresorhus"
      }
    },
    "node_modules/junk": {
      "version": "4.0.1",
      "resolved": "https://registry.npmjs.org/junk/-/junk-4.0.1.tgz",
      "integrity": "sha512-Qush0uP+G8ZScpGMZvHUiRfI0YBWuB3gVBYlI0v0vvOJt5FLicco+IkP0a50LqTTQhmts/m6tP5SWE+USyIvcQ==",
      "license": "MIT",
      "engines": {
        "node": ">=12.20"
      },
      "funding": {
        "url": "https://github.com/sponsors/sindresorhus"
      }
    },
    "node_modules/mdn-data": {
      "version": "2.0.30",
      "resolved": "https://registry.npmjs.org/mdn-data/-/mdn-data-2.0.30.tgz",
      "integrity": "sha512-GaqWWShW4kv/G9IEucWScBx9G1/vsFZZJUO+tD26M8J8z3Kw5RDQjaoZe03YAClgeS/SWPOcb4nkFBTEi5DUEA==",
      "license": "CC0-1.0"
    },
    "node_modules/merge2": {
      "version": "1.4.1",
      "resolved": "https://registry.npmjs.org/merge2/-/merge2-1.4.1.tgz",
      "integrity": "sha512-8q7VEgMJW4J8tcfVPy8g09NcQwZdbwFEqhe/WZkoIzjn/3TGDwtOCYtXGxA3O8tPzpczCCDgv+P2P5y00ZJOOg==",
      "license": "MIT",
      "engines": {
        "node": ">= 8"
      }
    },
    "node_modules/micromatch": {
      "version": "4.0.8",
      "resolved": "https://registry.npmjs.org/micromatch/-/micromatch-4.0.8.tgz",
      "integrity": "sha512-PXwfBhYu0hBCPw8Dn0E+WDYb7af3dSLVWKi3HGv84IdF4TyFoC0ysxFd0Goxw7nSv4T/PzEJQxsYsEiFCKo2BA==",
      "license": "MIT",
      "dependencies": {
        "braces": "^3.0.3",
        "picomatch": "^2.3.1"
      },
      "engines": {
        "node": ">=8.6"
      }
    },
    "node_modules/nth-check": {
      "version": "2.1.1",
      "resolved": "https://registry.npmjs.org/nth-check/-/nth-check-2.1.1.tgz",
      "integrity": "sha512-lqjrjmaOoAnWfMmBPL+XNnynZh2+swxiX3WUE0s4yEHI6m+AwrK2UZOimIRl3X/4QctVqS8AiZjFqyOGrMXb/w==",
      "license": "BSD-2-Clause",
      "dependencies": {
        "boolbase": "^1.0.0"
      },
      "funding": {
        "url": "https://github.com/fb55/nth-check?sponsor=1"
      }
    },
    "node_modules/ow": {
      "version": "2.0.0",
      "resolved": "https://registry.npmjs.org/ow/-/ow-2.0.0.tgz",
      "integrity": "sha512-ESUigmGrdhUZ2nQSFNkeKSl6ZRPupXzprMs3yF9DYlNVpJ8XAjM/fI9RUZxA7PI1K9HQDCCvBo1jr/GEIo9joQ==",
      "license": "MIT",
      "dependencies": {
        "@sindresorhus/is": "^6.3.0",
        "callsites": "^4.1.0",
        "dot-prop": "^8.0.2",
        "environment": "^1.0.0",
        "fast-equals": "^5.0.1",
        "is-identifier": "^1.0.0"
      },
      "engines": {
        "node": ">=18"
      },
      "funding": {
        "url": "https://github.com/sponsors/sindresorhus"
      }
    },
    "node_modules/p-pipe": {
      "version": "4.0.0",
      "resolved": "https://registry.npmjs.org/p-pipe/-/p-pipe-4.0.0.tgz",
      "integrity": "sha512-HkPfFklpZQPUKBFXzKFB6ihLriIHxnmuQdK9WmLDwe4hf2PdhhfWT/FJa+pc3bA1ywvKXtedxIRmd4Y7BTXE4w==",
      "license": "MIT",
      "engines": {
        "node": ">=12"
      },
      "funding": {
        "url": "https://github.com/sponsors/sindresorhus"
      }
    },
    "node_modules/path-type": {
      "version": "6.0.0",
      "resolved": "https://registry.npmjs.org/path-type/-/path-type-6.0.0.tgz",
      "integrity": "sha512-Vj7sf++t5pBD637NSfkxpHSMfWaeig5+DKWLhcqIYx6mWQz5hdJTGDVMQiJcw1ZYkhs7AazKDGpRVji1LJCZUQ==",
      "license": "MIT",
      "engines": {
        "node": ">=18"
      },
      "funding": {
        "url": "https://github.com/sponsors/sindresorhus"
      }
    },
    "node_modules/peek-readable": {
      "version": "5.4.2",
      "resolved": "https://registry.npmjs.org/peek-readable/-/peek-readable-5.4.2.tgz",
      "integrity": "sha512-peBp3qZyuS6cNIJ2akRNG1uo1WJ1d0wTxg/fxMdZ0BqCVhx242bSFHM9eNqflfJVS9SsgkzgT/1UgnsurBOTMg==",
      "license": "MIT",
      "engines": {
        "node": ">=14.16"
      },
      "funding": {
        "type": "github",
        "url": "https://github.com/sponsors/Borewit"
      }
    },
    "node_modules/picocolors": {
      "version": "1.1.1",
      "resolved": "https://registry.npmjs.org/picocolors/-/picocolors-1.1.1.tgz",
      "integrity": "sha512-xceH2snhtb5M9liqDsmEw56le376mTZkEX/jEb/RxNFyegNul7eNslCXP9FDj/Lcu0X8KEyMceP2ntpaHrDEVA==",
      "license": "ISC"
    },
    "node_modules/picomatch": {
      "version": "2.3.1",
      "resolved": "https://registry.npmjs.org/picomatch/-/picomatch-2.3.1.tgz",
      "integrity": "sha512-JU3teHTNjmE2VCGFzuY8EXzCDVwEqB2a8fsIvwaStHhAWJEeVd1o1QD80CU6+ZdEXXSLbSsuLwJjkCBWqRQUVA==",
      "license": "MIT",
      "engines": {
        "node": ">=8.6"
      },
      "funding": {
        "url": "https://github.com/sponsors/jonschlinkert"
      }
    },
    "node_modules/queue-microtask": {
      "version": "1.2.3",
      "resolved": "https://registry.npmjs.org/queue-microtask/-/queue-microtask-1.2.3.tgz",
      "integrity": "sha512-NuaNSa6flKT5JaSYQzJok04JzTL1CA6aGhv5rfLW3PgqA+M2ChpZQnAC8h8i4ZFkBS8X5RqkDBHA7r4hej3K9A==",
      "funding": [
        {
          "type": "github",
          "url": "https://github.com/sponsors/feross"
        },
        {
          "type": "patreon",
          "url": "https://www.patreon.com/feross"
        },
        {
          "type": "consulting",
          "url": "https://feross.org/support"
        }
      ],
      "license": "MIT"
    },
    "node_modules/reserved-identifiers": {
      "version": "1.0.0",
      "resolved": "https://registry.npmjs.org/reserved-identifiers/-/reserved-identifiers-1.0.0.tgz",
      "integrity": "sha512-h0bP2Katmvf3hv4Z3WtDl4+6xt/OglQ2Xa6TnhZ/Rm9/7IH1crXQqMwD4J2ngKBonVv+fB55zfGgNDAmsevLVQ==",
      "license": "MIT",
      "engines": {
        "node": ">=18"
      },
      "funding": {
        "url": "https://github.com/sponsors/sindresorhus"
      }
    },
    "node_modules/reusify": {
      "version": "1.1.0",
      "resolved": "https://registry.npmjs.org/reusify/-/reusify-1.1.0.tgz",
      "integrity": "sha512-g6QUff04oZpHs0eG5p83rFLhHeV00ug/Yf9nZM6fLeUrPguBTkTQOdpAWWspMh55TZfVQDPaN3NQJfbVRAxdIw==",
      "license": "MIT",
      "engines": {
        "iojs": ">=1.0.0",
        "node": ">=0.10.0"
      }
    },
    "node_modules/run-parallel": {
      "version": "1.2.0",
      "resolved": "https://registry.npmjs.org/run-parallel/-/run-parallel-1.2.0.tgz",
      "integrity": "sha512-5l4VyZR86LZ/lDxZTR6jqL8AFE2S0IFLMP26AbjsLVADxHdhB/c0GUsH+y39UfCi3dzz8OlQuPmnaJOMoDHQBA==",
      "funding": [
        {
          "type": "github",
          "url": "https://github.com/sponsors/feross"
        },
        {
          "type": "patreon",
          "url": "https://www.patreon.com/feross"
        },
        {
          "type": "consulting",
          "url": "https://feross.org/support"
        }
      ],
      "license": "MIT",
      "dependencies": {
        "queue-microtask": "^1.2.2"
      }
    },
    "node_modules/slash": {
      "version": "5.1.0",
      "resolved": "https://registry.npmjs.org/slash/-/slash-5.1.0.tgz",
      "integrity": "sha512-ZA6oR3T/pEyuqwMgAKT0/hAv8oAXckzbkmR0UkUosQ+Mc4RxGoJkRmwHgHufaenlyAgE1Mxgpdcrf75y6XcnDg==",
      "license": "MIT",
      "engines": {
        "node": ">=14.16"
      },
      "funding": {
        "url": "https://github.com/sponsors/sindresorhus"
      }
    },
    "node_modules/source-map-js": {
      "version": "1.2.1",
      "resolved": "https://registry.npmjs.org/source-map-js/-/source-map-js-1.2.1.tgz",
      "integrity": "sha512-UXWMKhLOwVKb728IUtQPXxfYU+usdybtUrK/8uGE8CQMvrhOpwvzDBwj0QhSL7MQc7vIsISBG8VQ8+IDQxpfQA==",
      "license": "BSD-3-Clause",
      "engines": {
        "node": ">=0.10.0"
      }
    },
    "node_modules/strnum": {
      "version": "1.1.2",
      "resolved": "https://registry.npmjs.org/strnum/-/strnum-1.1.2.tgz",
      "integrity": "sha512-vrN+B7DBIoTTZjnPNewwhx6cBA/H+IS7rfW68n7XxC1y7uoiGQBxaKzqucGUgavX15dJgiGztLJ8vxuEzwqBdA==",
      "funding": [
        {
          "type": "github",
          "url": "https://github.com/sponsors/NaturalIntelligence"
        }
      ],
      "license": "MIT"
    },
    "node_modules/strtok3": {
      "version": "9.1.1",
      "resolved": "https://registry.npmjs.org/strtok3/-/strtok3-9.1.1.tgz",
      "integrity": "sha512-FhwotcEqjr241ZbjFzjlIYg6c5/L/s4yBGWSMvJ9UoExiSqL+FnFA/CaeZx17WGaZMS/4SOZp8wH18jSS4R4lw==",
      "license": "MIT",
      "dependencies": {
        "@tokenizer/token": "^0.3.0",
        "peek-readable": "^5.3.1"
      },
      "engines": {
        "node": ">=16"
      },
      "funding": {
        "type": "github",
        "url": "https://github.com/sponsors/Borewit"
      }
    },
    "node_modules/super-regex": {
      "version": "1.0.0",
      "resolved": "https://registry.npmjs.org/super-regex/-/super-regex-1.0.0.tgz",
      "integrity": "sha512-CY8u7DtbvucKuquCmOFEKhr9Besln7n9uN8eFbwcoGYWXOMW07u2o8njWaiXt11ylS3qoGF55pILjRmPlbodyg==",
      "license": "MIT",
      "dependencies": {
        "function-timeout": "^1.0.1",
        "time-span": "^5.1.0"
      },
      "engines": {
        "node": ">=18"
      },
      "funding": {
        "url": "https://github.com/sponsors/sindresorhus"
      }
    },
    "node_modules/svgo": {
      "version": "3.3.2",
      "resolved": "https://registry.npmjs.org/svgo/-/svgo-3.3.2.tgz",
      "integrity": "sha512-OoohrmuUlBs8B8o6MB2Aevn+pRIH9zDALSR+6hhqVfa6fRwG/Qw9VUMSMW9VNg2CFc/MTIfabtdOVl9ODIJjpw==",
      "license": "MIT",
      "dependencies": {
        "@trysound/sax": "0.2.0",
        "commander": "^7.2.0",
        "css-select": "^5.1.0",
        "css-tree": "^2.3.1",
        "css-what": "^6.1.0",
        "csso": "^5.0.5",
        "picocolors": "^1.0.0"
      },
      "bin": {
        "svgo": "bin/svgo"
      },
      "engines": {
        "node": ">=14.0.0"
      },
      "funding": {
        "type": "opencollective",
        "url": "https://opencollective.com/svgo"
      }
    },
    "node_modules/svgo/node_modules/commander": {
      "version": "7.2.0",
      "resolved": "https://registry.npmjs.org/commander/-/commander-7.2.0.tgz",
      "integrity": "sha512-QrWXB+ZQSVPmIWIhtEO9H+gwHaMGYiF5ChvoJ+K9ZGHG/sVsa6yiesAD1GC/x46sET00Xlwo1u49RVVVzvcSkw==",
      "license": "MIT",
      "engines": {
        "node": ">= 10"
      }
    },
    "node_modules/time-span": {
      "version": "5.1.0",
      "resolved": "https://registry.npmjs.org/time-span/-/time-span-5.1.0.tgz",
      "integrity": "sha512-75voc/9G4rDIJleOo4jPvN4/YC4GRZrY8yy1uU4lwrB3XEQbWve8zXoO5No4eFrGcTAMYyoY67p8jRQdtA1HbA==",
      "license": "MIT",
      "dependencies": {
        "convert-hrtime": "^5.0.0"
      },
      "engines": {
        "node": ">=12"
      },
      "funding": {
        "url": "https://github.com/sponsors/sindresorhus"
      }
    },
    "node_modules/to-regex-range": {
      "version": "5.0.1",
      "resolved": "https://registry.npmjs.org/to-regex-range/-/to-regex-range-5.0.1.tgz",
      "integrity": "sha512-65P7iz6X5yEr1cwcgvQxbbIw7Uk3gOy5dIdtZ4rDveLqhrdJP+Li/Hx6tyK0NEb+2GCyneCMJiGqrADCSNk8sQ==",
      "license": "MIT",
      "dependencies": {
        "is-number": "^7.0.0"
      },
      "engines": {
        "node": ">=8.0"
      }
    },
    "node_modules/token-types": {
      "version": "6.0.0",
      "resolved": "https://registry.npmjs.org/token-types/-/token-types-6.0.0.tgz",
      "integrity": "sha512-lbDrTLVsHhOMljPscd0yitpozq7Ga2M5Cvez5AjGg8GASBjtt6iERCAJ93yommPmz62fb45oFIXHEZ3u9bfJEA==",
      "license": "MIT",
      "dependencies": {
        "@tokenizer/token": "^0.3.0",
        "ieee754": "^1.2.1"
      },
      "engines": {
        "node": ">=14.16"
      },
      "funding": {
        "type": "github",
        "url": "https://github.com/sponsors/Borewit"
      }
    },
    "node_modules/type-fest": {
      "version": "3.13.1",
      "resolved": "https://registry.npmjs.org/type-fest/-/type-fest-3.13.1.tgz",
      "integrity": "sha512-tLq3bSNx+xSpwvAJnzrK0Ep5CLNWjvFTOp71URMaAEWBfRb9nnJiBoUe0tF8bI4ZFO3omgBR6NvnbzVUT3Ly4g==",
      "license": "(MIT OR CC0-1.0)",
      "engines": {
        "node": ">=14.16"
      },
      "funding": {
        "url": "https://github.com/sponsors/sindresorhus"
      }
    },
    "node_modules/typescript": {
      "version": "5.8.3",
      "resolved": "https://registry.npmjs.org/typescript/-/typescript-5.8.3.tgz",
      "integrity": "sha512-p1diW6TqL9L07nNxvRMM7hMMw4c5XOo/1ibL4aAIGmSAt9slTE1Xgw5KWuof2uTOvCg9BY7ZRi+GaF+7sfgPeQ==",
      "dev": true,
      "license": "Apache-2.0",
      "bin": {
        "tsc": "bin/tsc",
        "tsserver": "bin/tsserver"
      },
      "engines": {
        "node": ">=14.17"
      }
    },
    "node_modules/uint8array-extras": {
      "version": "1.4.0",
      "resolved": "https://registry.npmjs.org/uint8array-extras/-/uint8array-extras-1.4.0.tgz",
      "integrity": "sha512-ZPtzy0hu4cZjv3z5NW9gfKnNLjoz4y6uv4HlelAjDK7sY/xOkKZv9xK/WQpcsBB3jEybChz9DPC2U/+cusjJVQ==",
      "license": "MIT",
      "engines": {
        "node": ">=18"
      },
      "funding": {
        "url": "https://github.com/sponsors/sindresorhus"
      }
    },
    "node_modules/undici-types": {
      "version": "6.21.0",
      "resolved": "https://registry.npmjs.org/undici-types/-/undici-types-6.21.0.tgz",
      "integrity": "sha512-iwDZqg0QAGrg9Rav5H4n0M64c3mkR59cJ6wQp+7C4nI0gsmExaedaYLNO44eT4AtBBwjbTiGPMlt2Md0T9H9JQ==",
      "dev": true,
      "license": "MIT"
    },
    "node_modules/unicorn-magic": {
      "version": "0.3.0",
      "resolved": "https://registry.npmjs.org/unicorn-magic/-/unicorn-magic-0.3.0.tgz",
      "integrity": "sha512-+QBBXBCvifc56fsbuxZQ6Sic3wqqc3WWaqxs58gvJrcOuN83HGTCwz3oS5phzU9LthRNE9VrJCFCLUgHeeFnfA==",
      "license": "MIT",
      "engines": {
        "node": ">=18"
      },
      "funding": {
        "url": "https://github.com/sponsors/sindresorhus"
      }
    }
  }
}
